
Microsoft Visual Studio Solution File, Format Version 12.00
# Visual Studio 2012
Project("{FAE04EC0-301F-11D3-BF4B-00C04F79EFBC}") = "CountLinesOfCodeInDirectory", "CountLinesOfCodeInDirectory\CountLinesOfCodeInDirectory.csproj", "{A7235FEA-FCD3-496F-905B-A04E9BE95D74}"
EndProject
Global
	GlobalSection(SolutionConfigurationPlatforms) = preSolution
		Debug|x86 = Debug|x86
		Release|x86 = Release|x86
	EndGlobalSection
	GlobalSection(ProjectConfigurationPlatforms) = postSolution
		{A7235FEA-FCD3-496F-905B-A04E9BE95D74}.Debug|x86.ActiveCfg = Debug|x86
		{A7235FEA-FCD3-496F-905B-A04E9BE95D74}.Debug|x86.Build.0 = Debug|x86
		{A7235FEA-FCD3-496F-905B-A04E9BE95D74}.Release|x86.ActiveCfg = Release|x86
		{A7235FEA-FCD3-496F-905B-A04E9BE95D74}.Release|x86.Build.0 = Release|x86
	EndGlobalSection
EndGlobal
